
Microsoft Visual Studio Solution File, Format Version 12.00
# Visual Studio 15
VisualStudioVersion = 15.0.28307.438
MinimumVisualStudioVersion = 10.0.40219.1
Project("{FAE04EC0-301F-11D3-BF4B-00C04F79EFBC}") = "SimpleView.Android", "SimpleView\SimpleView.Android\SimpleView.Android.csproj", "{4B55E2EC-8EB1-46F8-808A-639794B793B0}"
EndProject
Project("{FAE04EC0-301F-11D3-BF4B-00C04F79EFBC}") = "SimpleView.iOS", "SimpleView\SimpleView.iOS\SimpleView.iOS.csproj", "{9550BE85-FEB4-4B49-A080-677F4E4A3BE0}"
EndProject
Project("{FAE04EC0-301F-11D3-BF4B-00C04F79EFBC}") = "SimpleView.UWP", "SimpleView\SimpleView.UWP\SimpleView.UWP.csproj", "{EB17A80B-D0FA-4BC0-A8B4-8DFB59A8D011}"
EndProject
Project("{FAE04EC0-301F-11D3-BF4B-00C04F79EFBC}") = "SimpleView", "SimpleView\SimpleView\SimpleView.csproj", "{BC1A757D-8BEB-4D46-8E02-4792BEC3EC82}"
EndProject
Global
	GlobalSection(SolutionConfigurationPlatforms) = preSolution
		Ad-Hoc|Any CPU = Ad-Hoc|Any CPU
		Ad-Hoc|ARM = Ad-Hoc|ARM
		Ad-Hoc|iPhone = Ad-Hoc|iPhone
		Ad-Hoc|iPhoneSimulator = Ad-Hoc|iPhoneSimulator
		Ad-Hoc|x64 = Ad-Hoc|x64
		Ad-Hoc|x86 = Ad-Hoc|x86
		AppStore|Any CPU = AppStore|Any CPU
		AppStore|ARM = AppStore|ARM
		AppStore|iPhone = AppStore|iPhone
		AppStore|iPhoneSimulator = AppStore|iPhoneSimulator
		AppStore|x64 = AppStore|x64
		AppStore|x86 = AppStore|x86
		Debug|Any CPU = Debug|Any CPU
		Debug|ARM = Debug|ARM
		Debug|iPhone = Debug|iPhone
		Debug|iPhoneSimulator = Debug|iPhoneSimulator
		Debug|x64 = Debug|x64
		Debug|x86 = Debug|x86
		Release|Any CPU = Release|Any CPU
		Release|ARM = Release|ARM
		Release|iPhone = Release|iPhone
		Release|iPhoneSimulator = Release|iPhoneSimulator
		Release|x64 = Release|x64
		Release|x86 = Release|x86
	EndGlobalSection
	GlobalSection(ProjectConfigurationPlatforms) = postSolution
		{4B55E2EC-8EB1-46F8-808A-639794B793B0}.Ad-Hoc|Any CPU.ActiveCfg = Release|Any CPU
		{4B55E2EC-8EB1-46F8-808A-639794B793B0}.Ad-Hoc|Any CPU.Build.0 = Release|Any CPU
		{4B55E2EC-8EB1-46F8-808A-639794B793B0}.Ad-Hoc|Any CPU.Deploy.0 = Release|Any CPU
		{4B55E2EC-8EB1-46F8-808A-639794B793B0}.Ad-Hoc|ARM.ActiveCfg = Release|Any CPU
		{4B55E2EC-8EB1-46F8-808A-639794B793B0}.Ad-Hoc|ARM.Build.0 = Release|Any CPU
		{4B55E2EC-8EB1-46F8-808A-639794B793B0}.Ad-Hoc|ARM.Deploy.0 = Release|Any CPU
		{4B55E2EC-8EB1-46F8-808A-639794B793B0}.Ad-Hoc|iPhone.ActiveCfg = Release|Any CPU
		{4B55E2EC-8EB1-46F8-808A-639794B793B0}.Ad-Hoc|iPhone.Build.0 = Release|Any CPU
		{4B55E2EC-8EB1-46F8-808A-639794B793B0}.Ad-Hoc|iPhone.Deploy.0 = Release|Any CPU
		{4B55E2EC-8EB1-46F8-808A-639794B793B0}.Ad-Hoc|iPhoneSimulator.ActiveCfg = Release|Any CPU
		{4B55E2EC-8EB1-46F8-808A-639794B793B0}.Ad-Hoc|iPhoneSimulator.Build.0 = Release|Any CPU
		{4B55E2EC-8EB1-46F8-808A-639794B793B0}.Ad-Hoc|iPhoneSimulator.Deploy.0 = Release|Any CPU
		{4B55E2EC-8EB1-46F8-808A-639794B793B0}.Ad-Hoc|x64.ActiveCfg = Release|Any CPU
		{4B55E2EC-8EB1-46F8-808A-639794B793B0}.Ad-Hoc|x64.Build.0 = Release|Any CPU
		{4B55E2EC-8EB1-46F8-808A-639794B793B0}.Ad-Hoc|x64.Deploy.0 = Release|Any CPU
		{4B55E2EC-8EB1-46F8-808A-639794B793B0}.Ad-Hoc|x86.ActiveCfg = Release|Any CPU
		{4B55E2EC-8EB1-46F8-808A-639794B793B0}.Ad-Hoc|x86.Build.0 = Release|Any CPU
		{4B55E2EC-8EB1-46F8-808A-639794B793B0}.Ad-Hoc|x86.Deploy.0 = Release|Any CPU
		{4B55E2EC-8EB1-46F8-808A-639794B793B0}.AppStore|Any CPU.ActiveCfg = Release|Any CPU
		{4B55E2EC-8EB1-46F8-808A-639794B793B0}.AppStore|Any CPU.Build.0 = Release|Any CPU
		{4B55E2EC-8EB1-46F8-808A-639794B793B0}.AppStore|Any CPU.Deploy.0 = Release|Any CPU
		{4B55E2EC-8EB1-46F8-808A-639794B793B0}.AppStore|ARM.ActiveCfg = Release|Any CPU
		{4B55E2EC-8EB1-46F8-808A-639794B793B0}.AppStore|ARM.Build.0 = Release|Any CPU
		{4B55E2EC-8EB1-46F8-808A-639794B793B0}.AppStore|ARM.Deploy.0 = Release|Any CPU
		{4B55E2EC-8EB1-46F8-808A-639794B793B0}.AppStore|iPhone.ActiveCfg = Release|Any CPU
		{4B55E2EC-8EB1-46F8-808A-639794B793B0}.AppStore|iPhone.Build.0 = Release|Any CPU
		{4B55E2EC-8EB1-46F8-808A-639794B793B0}.AppStore|iPhone.Deploy.0 = Release|Any CPU
		{4B55E2EC-8EB1-46F8-808A-639794B793B0}.AppStore|iPhoneSimulator.ActiveCfg = Release|Any CPU
		{4B55E2EC-8EB1-46F8-808A-639794B793B0}.AppStore|iPhoneSimulator.Build.0 = Release|Any CPU
		{4B55E2EC-8EB1-46F8-808A-639794B793B0}.AppStore|iPhoneSimulator.Deploy.0 = Release|Any CPU
		{4B55E2EC-8EB1-46F8-808A-639794B793B0}.AppStore|x64.ActiveCfg = Release|Any CPU
		{4B55E2EC-8EB1-46F8-808A-639794B793B0}.AppStore|x64.Build.0 = Release|Any CPU
		{4B55E2EC-8EB1-46F8-808A-639794B793B0}.AppStore|x64.Deploy.0 = Release|Any CPU
		{4B55E2EC-8EB1-46F8-808A-639794B793B0}.AppStore|x86.ActiveCfg = Release|Any CPU
		{4B55E2EC-8EB1-46F8-808A-639794B793B0}.AppStore|x86.Build.0 = Release|Any CPU
		{4B55E2EC-8EB1-46F8-808A-639794B793B0}.AppStore|x86.Deploy.0 = Release|Any CPU
		{4B55E2EC-8EB1-46F8-808A-639794B793B0}.Debug|Any CPU.ActiveCfg = Debug|Any CPU
		{4B55E2EC-8EB1-46F8-808A-639794B793B0}.Debug|Any CPU.Build.0 = Debug|Any CPU
		{4B55E2EC-8EB1-46F8-808A-639794B793B0}.Debug|Any CPU.Deploy.0 = Debug|Any CPU
		{4B55E2EC-8EB1-46F8-808A-639794B793B0}.Debug|ARM.ActiveCfg = Debug|Any CPU
		{4B55E2EC-8EB1-46F8-808A-639794B793B0}.Debug|ARM.Build.0 = Debug|Any CPU
		{4B55E2EC-8EB1-46F8-808A-639794B793B0}.Debug|ARM.Deploy.0 = Debug|Any CPU
		{4B55E2EC-8EB1-46F8-808A-639794B793B0}.Debug|iPhone.ActiveCfg = Debug|Any CPU
		{4B55E2EC-8EB1-46F8-808A-639794B793B0}.Debug|iPhone.Build.0 = Debug|Any CPU
		{4B55E2EC-8EB1-46F8-808A-639794B793B0}.Debug|iPhone.Deploy.0 = Debug|Any CPU
		{4B55E2EC-8EB1-46F8-808A-639794B793B0}.Debug|iPhoneSimulator.ActiveCfg = Debug|Any CPU
		{4B55E2EC-8EB1-46F8-808A-639794B793B0}.Debug|iPhoneSimulator.Build.0 = Debug|Any CPU
		{4B55E2EC-8EB1-46F8-808A-639794B793B0}.Debug|iPhoneSimulator.Deploy.0 = Debug|Any CPU
		{4B55E2EC-8EB1-46F8-808A-639794B793B0}.Debug|x64.ActiveCfg = Debug|Any CPU
		{4B55E2EC-8EB1-46F8-808A-639794B793B0}.Debug|x64.Build.0 = Debug|Any CPU
		{4B55E2EC-8EB1-46F8-808A-639794B793B0}.Debug|x64.Deploy.0 = Debug|Any CPU
		{4B55E2EC-8EB1-46F8-808A-639794B793B0}.Debug|x86.ActiveCfg = Debug|Any CPU
		{4B55E2EC-8EB1-46F8-808A-639794B793B0}.Debug|x86.Build.0 = Debug|Any CPU
		{4B55E2EC-8EB1-46F8-808A-639794B793B0}.Debug|x86.Deploy.0 = Debug|Any CPU
		{4B55E2EC-8EB1-46F8-808A-639794B793B0}.Release|Any CPU.ActiveCfg = Release|Any CPU
		{4B55E2EC-8EB1-46F8-808A-639794B793B0}.Release|Any CPU.Build.0 = Release|Any CPU
		{4B55E2EC-8EB1-46F8-808A-639794B793B0}.Release|Any CPU.Deploy.0 = Release|Any CPU
		{4B55E2EC-8EB1-46F8-808A-639794B793B0}.Release|ARM.ActiveCfg = Release|Any CPU
		{4B55E2EC-8EB1-46F8-808A-639794B793B0}.Release|ARM.Build.0 = Release|Any CPU
		{4B55E2EC-8EB1-46F8-808A-639794B793B0}.Release|ARM.Deploy.0 = Release|Any CPU
		{4B55E2EC-8EB1-46F8-808A-639794B793B0}.Release|iPhone.ActiveCfg = Release|Any CPU
		{4B55E2EC-8EB1-46F8-808A-639794B793B0}.Release|iPhone.Build.0 = Release|Any CPU
		{4B55E2EC-8EB1-46F8-808A-639794B793B0}.Release|iPhone.Deploy.0 = Release|Any CPU
		{4B55E2EC-8EB1-46F8-808A-639794B793B0}.Release|iPhoneSimulator.ActiveCfg = Release|Any CPU
		{4B55E2EC-8EB1-46F8-808A-639794B793B0}.Release|iPhoneSimulator.Build.0 = Release|Any CPU
		{4B55E2EC-8EB1-46F8-808A-639794B793B0}.Release|iPhoneSimulator.Deploy.0 = Release|Any CPU
		{4B55E2EC-8EB1-46F8-808A-639794B793B0}.Release|x64.ActiveCfg = Release|Any CPU
		{4B55E2EC-8EB1-46F8-808A-639794B793B0}.Release|x64.Build.0 = Release|Any CPU
		{4B55E2EC-8EB1-46F8-808A-639794B793B0}.Release|x64.Deploy.0 = Release|Any CPU
		{4B55E2EC-8EB1-46F8-808A-639794B793B0}.Release|x86.ActiveCfg = Release|Any CPU
		{4B55E2EC-8EB1-46F8-808A-639794B793B0}.Release|x86.Build.0 = Release|Any CPU
		{4B55E2EC-8EB1-46F8-808A-639794B793B0}.Release|x86.Deploy.0 = Release|Any CPU
		{9550BE85-FEB4-4B49-A080-677F4E4A3BE0}.Ad-Hoc|Any CPU.ActiveCfg = Ad-Hoc|iPhone
		{9550BE85-FEB4-4B49-A080-677F4E4A3BE0}.Ad-Hoc|Any CPU.Build.0 = Ad-Hoc|iPhone
		{9550BE85-FEB4-4B49-A080-677F4E4A3BE0}.Ad-Hoc|Any CPU.Deploy.0 = Ad-Hoc|iPhone
		{9550BE85-FEB4-4B49-A080-677F4E4A3BE0}.Ad-Hoc|ARM.ActiveCfg = Ad-Hoc|iPhone
		{9550BE85-FEB4-4B49-A080-677F4E4A3BE0}.Ad-Hoc|ARM.Build.0 = Ad-Hoc|iPhone
		{9550BE85-FEB4-4B49-A080-677F4E4A3BE0}.Ad-Hoc|ARM.Deploy.0 = Ad-Hoc|iPhone
		{9550BE85-FEB4-4B49-A080-677F4E4A3BE0}.Ad-Hoc|iPhone.ActiveCfg = Ad-Hoc|iPhone
		{9550BE85-FEB4-4B49-A080-677F4E4A3BE0}.Ad-Hoc|iPhone.Build.0 = Ad-Hoc|iPhone
		{9550BE85-FEB4-4B49-A080-677F4E4A3BE0}.Ad-Hoc|iPhone.Deploy.0 = Ad-Hoc|iPhone
		{9550BE85-FEB4-4B49-A080-677F4E4A3BE0}.Ad-Hoc|iPhoneSimulator.ActiveCfg = Ad-Hoc|iPhoneSimulator
		{9550BE85-FEB4-4B49-A080-677F4E4A3BE0}.Ad-Hoc|iPhoneSimulator.Build.0 = Ad-Hoc|iPhoneSimulator
		{9550BE85-FEB4-4B49-A080-677F4E4A3BE0}.Ad-Hoc|iPhoneSimulator.Deploy.0 = Ad-Hoc|iPhoneSimulator
		{9550BE85-FEB4-4B49-A080-677F4E4A3BE0}.Ad-Hoc|x64.ActiveCfg = Ad-Hoc|iPhone
		{9550BE85-FEB4-4B49-A080-677F4E4A3BE0}.Ad-Hoc|x64.Build.0 = Ad-Hoc|iPhone
		{9550BE85-FEB4-4B49-A080-677F4E4A3BE0}.Ad-Hoc|x64.Deploy.0 = Ad-Hoc|iPhone
		{9550BE85-FEB4-4B49-A080-677F4E4A3BE0}.Ad-Hoc|x86.ActiveCfg = Ad-Hoc|iPhone
		{9550BE85-FEB4-4B49-A080-677F4E4A3BE0}.Ad-Hoc|x86.Build.0 = Ad-Hoc|iPhone
		{9550BE85-FEB4-4B49-A080-677F4E4A3BE0}.Ad-Hoc|x86.Deploy.0 = Ad-Hoc|iPhone
		{9550BE85-FEB4-4B49-A080-677F4E4A3BE0}.AppStore|Any CPU.ActiveCfg = AppStore|iPhone
		{9550BE85-FEB4-4B49-A080-677F4E4A3BE0}.AppStore|Any CPU.Build.0 = AppStore|iPhone
		{9550BE85-FEB4-4B49-A080-677F4E4A3BE0}.AppStore|Any CPU.Deploy.0 = AppStore|iPhone
		{9550BE85-FEB4-4B49-A080-677F4E4A3BE0}.AppStore|ARM.ActiveCfg = AppStore|iPhone
		{9550BE85-FEB4-4B49-A080-677F4E4A3BE0}.AppStore|ARM.Build.0 = AppStore|iPhone
		{9550BE85-FEB4-4B49-A080-677F4E4A3BE0}.AppStore|ARM.Deploy.0 = AppStore|iPhone
		{9550BE85-FEB4-4B49-A080-677F4E4A3BE0}.AppStore|iPhone.ActiveCfg = AppStore|iPhone
		{9550BE85-FEB4-4B49-A080-677F4E4A3BE0}.AppStore|iPhone.Build.0 = AppStore|iPhone
		{9550BE85-FEB4-4B49-A080-677F4E4A3BE0}.AppStore|iPhone.Deploy.0 = AppStore|iPhone
		{9550BE85-FEB4-4B49-A080-677F4E4A3BE0}.AppStore|iPhoneSimulator.ActiveCfg = AppStore|iPhoneSimulator
		{9550BE85-FEB4-4B49-A080-677F4E4A3BE0}.AppStore|iPhoneSimulator.Build.0 = AppStore|iPhoneSimulator
		{9550BE85-FEB4-4B49-A080-677F4E4A3BE0}.AppStore|iPhoneSimulator.Deploy.0 = AppStore|iPhoneSimulator
		{9550BE85-FEB4-4B49-A080-677F4E4A3BE0}.AppStore|x64.ActiveCfg = AppStore|iPhone
		{9550BE85-FEB4-4B49-A080-677F4E4A3BE0}.AppStore|x64.Build.0 = AppStore|iPhone
		{9550BE85-FEB4-4B49-A080-677F4E4A3BE0}.AppStore|x64.Deploy.0 = AppStore|iPhone
		{9550BE85-FEB4-4B49-A080-677F4E4A3BE0}.AppStore|x86.ActiveCfg = AppStore|iPhone
		{9550BE85-FEB4-4B49-A080-677F4E4A3BE0}.AppStore|x86.Build.0 = AppStore|iPhone
		{9550BE85-FEB4-4B49-A080-677F4E4A3BE0}.AppStore|x86.Deploy.0 = AppStore|iPhone
		{9550BE85-FEB4-4B49-A080-677F4E4A3BE0}.Debug|Any CPU.ActiveCfg = Debug|iPhoneSimulator
		{9550BE85-FEB4-4B49-A080-677F4E4A3BE0}.Debug|Any CPU.Build.0 = Debug|iPhoneSimulator
		{9550BE85-FEB4-4B49-A080-677F4E4A3BE0}.Debug|Any CPU.Deploy.0 = Debug|iPhoneSimulator
		{9550BE85-FEB4-4B49-A080-677F4E4A3BE0}.Debug|ARM.ActiveCfg = Debug|iPhone
		{9550BE85-FEB4-4B49-A080-677F4E4A3BE0}.Debug|ARM.Build.0 = Debug|iPhone
		{9550BE85-FEB4-4B49-A080-677F4E4A3BE0}.Debug|ARM.Deploy.0 = Debug|iPhone
		{9550BE85-FEB4-4B49-A080-677F4E4A3BE0}.Debug|iPhone.ActiveCfg = Debug|iPhone
		{9550BE85-FEB4-4B49-A080-677F4E4A3BE0}.Debug|iPhone.Build.0 = Debug|iPhone
		{9550BE85-FEB4-4B49-A080-677F4E4A3BE0}.Debug|iPhone.Deploy.0 = Debug|iPhone
		{9550BE85-FEB4-4B49-A080-677F4E4A3BE0}.Debug|iPhoneSimulator.ActiveCfg = Debug|iPhoneSimulator
		{9550BE85-FEB4-4B49-A080-677F4E4A3BE0}.Debug|iPhoneSimulator.Build.0 = Debug|iPhoneSimulator
		{9550BE85-FEB4-4B49-A080-677F4E4A3BE0}.Debug|iPhoneSimulator.Deploy.0 = Debug|iPhoneSimulator
		{9550BE85-FEB4-4B49-A080-677F4E4A3BE0}.Debug|x64.ActiveCfg = Debug|iPhone
		{9550BE85-FEB4-4B49-A080-677F4E4A3BE0}.Debug|x64.Build.0 = Debug|iPhone
		{9550BE85-FEB4-4B49-A080-677F4E4A3BE0}.Debug|x64.Deploy.0 = Debug|iPhone
		{9550BE85-FEB4-4B49-A080-677F4E4A3BE0}.Debug|x86.ActiveCfg = Debug|iPhone
		{9550BE85-FEB4-4B49-A080-677F4E4A3BE0}.Debug|x86.Build.0 = Debug|iPhone
		{9550BE85-FEB4-4B49-A080-677F4E4A3BE0}.Debug|x86.Deploy.0 = Debug|iPhone
		{9550BE85-FEB4-4B49-A080-677F4E4A3BE0}.Release|Any CPU.ActiveCfg = Release|iPhone
		{9550BE85-FEB4-4B49-A080-677F4E4A3BE0}.Release|Any CPU.Build.0 = Release|iPhone
		{9550BE85-FEB4-4B49-A080-677F4E4A3BE0}.Release|Any CPU.Deploy.0 = Release|iPhone
		{9550BE85-FEB4-4B49-A080-677F4E4A3BE0}.Release|ARM.ActiveCfg = Release|iPhone
		{9550BE85-FEB4-4B49-A080-677F4E4A3BE0}.Release|ARM.Build.0 = Release|iPhone
		{9550BE85-FEB4-4B49-A080-677F4E4A3BE0}.Release|ARM.Deploy.0 = Release|iPhone
		{9550BE85-FEB4-4B49-A080-677F4E4A3BE0}.Release|iPhone.ActiveCfg = Release|iPhone
		{9550BE85-FEB4-4B49-A080-677F4E4A3BE0}.Release|iPhone.Build.0 = Release|iPhone
		{9550BE85-FEB4-4B49-A080-677F4E4A3BE0}.Release|iPhone.Deploy.0 = Release|iPhone
		{9550BE85-FEB4-4B49-A080-677F4E4A3BE0}.Release|iPhoneSimulator.ActiveCfg = Release|iPhoneSimulator
		{9550BE85-FEB4-4B49-A080-677F4E4A3BE0}.Release|iPhoneSimulator.Build.0 = Release|iPhoneSimulator
		{9550BE85-FEB4-4B49-A080-677F4E4A3BE0}.Release|iPhoneSimulator.Deploy.0 = Release|iPhoneSimulator
		{9550BE85-FEB4-4B49-A080-677F4E4A3BE0}.Release|x64.ActiveCfg = Release|iPhone
		{9550BE85-FEB4-4B49-A080-677F4E4A3BE0}.Release|x64.Build.0 = Release|iPhone
		{9550BE85-FEB4-4B49-A080-677F4E4A3BE0}.Release|x64.Deploy.0 = Release|iPhone
		{9550BE85-FEB4-4B49-A080-677F4E4A3BE0}.Release|x86.ActiveCfg = Release|iPhone
		{9550BE85-FEB4-4B49-A080-677F4E4A3BE0}.Release|x86.Build.0 = Release|iPhone
		{9550BE85-FEB4-4B49-A080-677F4E4A3BE0}.Release|x86.Deploy.0 = Release|iPhone
		{EB17A80B-D0FA-4BC0-A8B4-8DFB59A8D011}.Ad-Hoc|Any CPU.ActiveCfg = Release|x86
		{EB17A80B-D0FA-4BC0-A8B4-8DFB59A8D011}.Ad-Hoc|Any CPU.Build.0 = Release|x86
		{EB17A80B-D0FA-4BC0-A8B4-8DFB59A8D011}.Ad-Hoc|Any CPU.Deploy.0 = Release|x86
		{EB17A80B-D0FA-4BC0-A8B4-8DFB59A8D011}.Ad-Hoc|ARM.ActiveCfg = Release|ARM
		{EB17A80B-D0FA-4BC0-A8B4-8DFB59A8D011}.Ad-Hoc|ARM.Build.0 = Release|ARM
		{EB17A80B-D0FA-4BC0-A8B4-8DFB59A8D011}.Ad-Hoc|ARM.Deploy.0 = Release|ARM
		{EB17A80B-D0FA-4BC0-A8B4-8DFB59A8D011}.Ad-Hoc|iPhone.ActiveCfg = Release|x86
		{EB17A80B-D0FA-4BC0-A8B4-8DFB59A8D011}.Ad-Hoc|iPhone.Build.0 = Release|x86
		{EB17A80B-D0FA-4BC0-A8B4-8DFB59A8D011}.Ad-Hoc|iPhone.Deploy.0 = Release|x86
		{EB17A80B-D0FA-4BC0-A8B4-8DFB59A8D011}.Ad-Hoc|iPhoneSimulator.ActiveCfg = Release|x86
		{EB17A80B-D0FA-4BC0-A8B4-8DFB59A8D011}.Ad-Hoc|iPhoneSimulator.Build.0 = Release|x86
		{EB17A80B-D0FA-4BC0-A8B4-8DFB59A8D011}.Ad-Hoc|iPhoneSimulator.Deploy.0 = Release|x86
		{EB17A80B-D0FA-4BC0-A8B4-8DFB59A8D011}.Ad-Hoc|x64.ActiveCfg = Release|x64
		{EB17A80B-D0FA-4BC0-A8B4-8DFB59A8D011}.Ad-Hoc|x64.Build.0 = Release|x64
		{EB17A80B-D0FA-4BC0-A8B4-8DFB59A8D011}.Ad-Hoc|x64.Deploy.0 = Release|x64
		{EB17A80B-D0FA-4BC0-A8B4-8DFB59A8D011}.Ad-Hoc|x86.ActiveCfg = Release|x86
		{EB17A80B-D0FA-4BC0-A8B4-8DFB59A8D011}.Ad-Hoc|x86.Build.0 = Release|x86
		{EB17A80B-D0FA-4BC0-A8B4-8DFB59A8D011}.Ad-Hoc|x86.Deploy.0 = Release|x86
		{EB17A80B-D0FA-4BC0-A8B4-8DFB59A8D011}.AppStore|Any CPU.ActiveCfg = Release|x86
		{EB17A80B-D0FA-4BC0-A8B4-8DFB59A8D011}.AppStore|Any CPU.Build.0 = Release|x86
		{EB17A80B-D0FA-4BC0-A8B4-8DFB59A8D011}.AppStore|Any CPU.Deploy.0 = Release|x86
		{EB17A80B-D0FA-4BC0-A8B4-8DFB59A8D011}.AppStore|ARM.ActiveCfg = Release|ARM
		{EB17A80B-D0FA-4BC0-A8B4-8DFB59A8D011}.AppStore|ARM.Build.0 = Release|ARM
		{EB17A80B-D0FA-4BC0-A8B4-8DFB59A8D011}.AppStore|ARM.Deploy.0 = Release|ARM
		{EB17A80B-D0FA-4BC0-A8B4-8DFB59A8D011}.AppStore|iPhone.ActiveCfg = Release|x86
		{EB17A80B-D0FA-4BC0-A8B4-8DFB59A8D011}.AppStore|iPhone.Build.0 = Release|x86
		{EB17A80B-D0FA-4BC0-A8B4-8DFB59A8D011}.AppStore|iPhone.Deploy.0 = Release|x86
		{EB17A80B-D0FA-4BC0-A8B4-8DFB59A8D011}.AppStore|iPhoneSimulator.ActiveCfg = Release|x86
		{EB17A80B-D0FA-4BC0-A8B4-8DFB59A8D011}.AppStore|iPhoneSimulator.Build.0 = Release|x86
		{EB17A80B-D0FA-4BC0-A8B4-8DFB59A8D011}.AppStore|iPhoneSimulator.Deploy.0 = Release|x86
		{EB17A80B-D0FA-4BC0-A8B4-8DFB59A8D011}.AppStore|x64.ActiveCfg = Release|x64
		{EB17A80B-D0FA-4BC0-A8B4-8DFB59A8D011}.AppStore|x64.Build.0 = Release|x64
		{EB17A80B-D0FA-4BC0-A8B4-8DFB59A8D011}.AppStore|x64.Deploy.0 = Release|x64
		{EB17A80B-D0FA-4BC0-A8B4-8DFB59A8D011}.AppStore|x86.ActiveCfg = Release|x86
		{EB17A80B-D0FA-4BC0-A8B4-8DFB59A8D011}.AppStore|x86.Build.0 = Release|x86
		{EB17A80B-D0FA-4BC0-A8B4-8DFB59A8D011}.AppStore|x86.Deploy.0 = Release|x86
		{EB17A80B-D0FA-4BC0-A8B4-8DFB59A8D011}.Debug|Any CPU.ActiveCfg = Debug|x86
		{EB17A80B-D0FA-4BC0-A8B4-8DFB59A8D011}.Debug|Any CPU.Build.0 = Debug|x86
		{EB17A80B-D0FA-4BC0-A8B4-8DFB59A8D011}.Debug|Any CPU.Deploy.0 = Debug|x86
		{EB17A80B-D0FA-4BC0-A8B4-8DFB59A8D011}.Debug|ARM.ActiveCfg = Debug|ARM
		{EB17A80B-D0FA-4BC0-A8B4-8DFB59A8D011}.Debug|ARM.Build.0 = Debug|ARM
		{EB17A80B-D0FA-4BC0-A8B4-8DFB59A8D011}.Debug|ARM.Deploy.0 = Debug|ARM
		{EB17A80B-D0FA-4BC0-A8B4-8DFB59A8D011}.Debug|iPhone.ActiveCfg = Debug|x86
		{EB17A80B-D0FA-4BC0-A8B4-8DFB59A8D011}.Debug|iPhone.Build.0 = Debug|x86
		{EB17A80B-D0FA-4BC0-A8B4-8DFB59A8D011}.Debug|iPhone.Deploy.0 = Debug|x86
		{EB17A80B-D0FA-4BC0-A8B4-8DFB59A8D011}.Debug|iPhoneSimulator.ActiveCfg = Debug|x86
		{EB17A80B-D0FA-4BC0-A8B4-8DFB59A8D011}.Debug|iPhoneSimulator.Build.0 = Debug|x86
		{EB17A80B-D0FA-4BC0-A8B4-8DFB59A8D011}.Debug|iPhoneSimulator.Deploy.0 = Debug|x86
		{EB17A80B-D0FA-4BC0-A8B4-8DFB59A8D011}.Debug|x64.ActiveCfg = Debug|x64
		{EB17A80B-D0FA-4BC0-A8B4-8DFB59A8D011}.Debug|x64.Build.0 = Debug|x64
		{EB17A80B-D0FA-4BC0-A8B4-8DFB59A8D011}.Debug|x64.Deploy.0 = Debug|x64
		{EB17A80B-D0FA-4BC0-A8B4-8DFB59A8D011}.Debug|x86.ActiveCfg = Debug|x86
		{EB17A80B-D0FA-4BC0-A8B4-8DFB59A8D011}.Debug|x86.Build.0 = Debug|x86
		{EB17A80B-D0FA-4BC0-A8B4-8DFB59A8D011}.Debug|x86.Deploy.0 = Debug|x86
		{EB17A80B-D0FA-4BC0-A8B4-8DFB59A8D011}.Release|Any CPU.ActiveCfg = Release|x86
		{EB17A80B-D0FA-4BC0-A8B4-8DFB59A8D011}.Release|Any CPU.Build.0 = Release|x86
		{EB17A80B-D0FA-4BC0-A8B4-8DFB59A8D011}.Release|Any CPU.Deploy.0 = Release|x86
		{EB17A80B-D0FA-4BC0-A8B4-8DFB59A8D011}.Release|ARM.ActiveCfg = Release|ARM
		{EB17A80B-D0FA-4BC0-A8B4-8DFB59A8D011}.Release|ARM.Build.0 = Release|ARM
		{EB17A80B-D0FA-4BC0-A8B4-8DFB59A8D011}.Release|ARM.Deploy.0 = Release|ARM
		{EB17A80B-D0FA-4BC0-A8B4-8DFB59A8D011}.Release|iPhone.ActiveCfg = Release|x86
		{EB17A80B-D0FA-4BC0-A8B4-8DFB59A8D011}.Release|iPhone.Build.0 = Release|x86
		{EB17A80B-D0FA-4BC0-A8B4-8DFB59A8D011}.Release|iPhone.Deploy.0 = Release|x86
		{EB17A80B-D0FA-4BC0-A8B4-8DFB59A8D011}.Release|iPhoneSimulator.ActiveCfg = Release|x86
		{EB17A80B-D0FA-4BC0-A8B4-8DFB59A8D011}.Release|iPhoneSimulator.Build.0 = Release|x86
		{EB17A80B-D0FA-4BC0-A8B4-8DFB59A8D011}.Release|iPhoneSimulator.Deploy.0 = Release|x86
		{EB17A80B-D0FA-4BC0-A8B4-8DFB59A8D011}.Release|x64.ActiveCfg = Release|x64
		{EB17A80B-D0FA-4BC0-A8B4-8DFB59A8D011}.Release|x64.Build.0 = Release|x64
		{EB17A80B-D0FA-4BC0-A8B4-8DFB59A8D011}.Release|x64.Deploy.0 = Release|x64
		{EB17A80B-D0FA-4BC0-A8B4-8DFB59A8D011}.Release|x86.ActiveCfg = Release|x86
		{EB17A80B-D0FA-4BC0-A8B4-8DFB59A8D011}.Release|x86.Build.0 = Release|x86
		{EB17A80B-D0FA-4BC0-A8B4-8DFB59A8D011}.Release|x86.Deploy.0 = Release|x86
		{BC1A757D-8BEB-4D46-8E02-4792BEC3EC82}.Ad-Hoc|Any CPU.ActiveCfg = Debug|Any CPU
		{BC1A757D-8BEB-4D46-8E02-4792BEC3EC82}.Ad-Hoc|Any CPU.Build.0 = Debug|Any CPU
		{BC1A757D-8BEB-4D46-8E02-4792BEC3EC82}.Ad-Hoc|Any CPU.Deploy.0 = Debug|Any CPU
		{BC1A757D-8BEB-4D46-8E02-4792BEC3EC82}.Ad-Hoc|ARM.ActiveCfg = Debug|Any CPU
		{BC1A757D-8BEB-4D46-8E02-4792BEC3EC82}.Ad-Hoc|ARM.Build.0 = Debug|Any CPU
		{BC1A757D-8BEB-4D46-8E02-4792BEC3EC82}.Ad-Hoc|ARM.Deploy.0 = Debug|Any CPU
		{BC1A757D-8BEB-4D46-8E02-4792BEC3EC82}.Ad-Hoc|iPhone.ActiveCfg = Debug|Any CPU
		{BC1A757D-8BEB-4D46-8E02-4792BEC3EC82}.Ad-Hoc|iPhone.Build.0 = Debug|Any CPU
		{BC1A757D-8BEB-4D46-8E02-4792BEC3EC82}.Ad-Hoc|iPhone.Deploy.0 = Debug|Any CPU
		{BC1A757D-8BEB-4D46-8E02-4792BEC3EC82}.Ad-Hoc|iPhoneSimulator.ActiveCfg = Debug|Any CPU
		{BC1A757D-8BEB-4D46-8E02-4792BEC3EC82}.Ad-Hoc|iPhoneSimulator.Build.0 = Debug|Any CPU
		{BC1A757D-8BEB-4D46-8E02-4792BEC3EC82}.Ad-Hoc|iPhoneSimulator.Deploy.0 = Debug|Any CPU
		{BC1A757D-8BEB-4D46-8E02-4792BEC3EC82}.Ad-Hoc|x64.ActiveCfg = Debug|Any CPU
		{BC1A757D-8BEB-4D46-8E02-4792BEC3EC82}.Ad-Hoc|x64.Build.0 = Debug|Any CPU
		{BC1A757D-8BEB-4D46-8E02-4792BEC3EC82}.Ad-Hoc|x64.Deploy.0 = Debug|Any CPU
		{BC1A757D-8BEB-4D46-8E02-4792BEC3EC82}.Ad-Hoc|x86.ActiveCfg = Debug|Any CPU
		{BC1A757D-8BEB-4D46-8E02-4792BEC3EC82}.Ad-Hoc|x86.Build.0 = Debug|Any CPU
		{BC1A757D-8BEB-4D46-8E02-4792BEC3EC82}.Ad-Hoc|x86.Deploy.0 = Debug|Any CPU
		{BC1A757D-8BEB-4D46-8E02-4792BEC3EC82}.AppStore|Any CPU.ActiveCfg = Debug|Any CPU
		{BC1A757D-8BEB-4D46-8E02-4792BEC3EC82}.AppStore|Any CPU.Build.0 = Debug|Any CPU
		{BC1A757D-8BEB-4D46-8E02-4792BEC3EC82}.AppStore|Any CPU.Deploy.0 = Debug|Any CPU
		{BC1A757D-8BEB-4D46-8E02-4792BEC3EC82}.AppStore|ARM.ActiveCfg = Debug|Any CPU
		{BC1A757D-8BEB-4D46-8E02-4792BEC3EC82}.AppStore|ARM.Build.0 = Debug|Any CPU
		{BC1A757D-8BEB-4D46-8E02-4792BEC3EC82}.AppStore|ARM.Deploy.0 = Debug|Any CPU
		{BC1A757D-8BEB-4D46-8E02-4792BEC3EC82}.AppStore|iPhone.ActiveCfg = Debug|Any CPU
		{BC1A757D-8BEB-4D46-8E02-4792BEC3EC82}.AppStore|iPhone.Build.0 = Debug|Any CPU
		{BC1A757D-8BEB-4D46-8E02-4792BEC3EC82}.AppStore|iPhone.Deploy.0 = Debug|Any CPU
		{BC1A757D-8BEB-4D46-8E02-4792BEC3EC82}.AppStore|iPhoneSimulator.ActiveCfg = Debug|Any CPU
		{BC1A757D-8BEB-4D46-8E02-4792BEC3EC82}.AppStore|iPhoneSimulator.Build.0 = Debug|Any CPU
		{BC1A757D-8BEB-4D46-8E02-4792BEC3EC82}.AppStore|iPhoneSimulator.Deploy.0 = Debug|Any CPU
		{BC1A757D-8BEB-4D46-8E02-4792BEC3EC82}.AppStore|x64.ActiveCfg = Debug|Any CPU
		{BC1A757D-8BEB-4D46-8E02-4792BEC3EC82}.AppStore|x64.Build.0 = Debug|Any CPU
		{BC1A757D-8BEB-4D46-8E02-4792BEC3EC82}.AppStore|x64.Deploy.0 = Debug|Any CPU
		{BC1A757D-8BEB-4D46-8E02-4792BEC3EC82}.AppStore|x86.ActiveCfg = Debug|Any CPU
		{BC1A757D-8BEB-4D46-8E02-4792BEC3EC82}.AppStore|x86.Build.0 = Debug|Any CPU
		{BC1A757D-8BEB-4D46-8E02-4792BEC3EC82}.AppStore|x86.Deploy.0 = Debug|Any CPU
		{BC1A757D-8BEB-4D46-8E02-4792BEC3EC82}.Debug|Any CPU.ActiveCfg = Debug|Any CPU
		{BC1A757D-8BEB-4D46-8E02-4792BEC3EC82}.Debug|Any CPU.Build.0 = Debug|Any CPU
		{BC1A757D-8BEB-4D46-8E02-4792BEC3EC82}.Debug|Any CPU.Deploy.0 = Debug|Any CPU
		{BC1A757D-8BEB-4D46-8E02-4792BEC3EC82}.Debug|ARM.ActiveCfg = Debug|Any CPU
		{BC1A757D-8BEB-4D46-8E02-4792BEC3EC82}.Debug|ARM.Build.0 = Debug|Any CPU
		{BC1A757D-8BEB-4D46-8E02-4792BEC3EC82}.Debug|ARM.Deploy.0 = Debug|Any CPU
		{BC1A757D-8BEB-4D46-8E02-4792BEC3EC82}.Debug|iPhone.ActiveCfg = Debug|Any CPU
		{BC1A757D-8BEB-4D46-8E02-4792BEC3EC82}.Debug|iPhone.Build.0 = Debug|Any CPU
		{BC1A757D-8BEB-4D46-8E02-4792BEC3EC82}.Debug|iPhone.Deploy.0 = Debug|Any CPU
		{BC1A757D-8BEB-4D46-8E02-4792BEC3EC82}.Debug|iPhoneSimulator.ActiveCfg = Debug|Any CPU
		{BC1A757D-8BEB-4D46-8E02-4792BEC3EC82}.Debug|iPhoneSimulator.Build.0 = Debug|Any CPU
		{BC1A757D-8BEB-4D46-8E02-4792BEC3EC82}.Debug|iPhoneSimulator.Deploy.0 = Debug|Any CPU
		{BC1A757D-8BEB-4D46-8E02-4792BEC3EC82}.Debug|x64.ActiveCfg = Debug|Any CPU
		{BC1A757D-8BEB-4D46-8E02-4792BEC3EC82}.Debug|x64.Build.0 = Debug|Any CPU
		{BC1A757D-8BEB-4D46-8E02-4792BEC3EC82}.Debug|x64.Deploy.0 = Debug|Any CPU
		{BC1A757D-8BEB-4D46-8E02-4792BEC3EC82}.Debug|x86.ActiveCfg = Debug|Any CPU
		{BC1A757D-8BEB-4D46-8E02-4792BEC3EC82}.Debug|x86.Build.0 = Debug|Any CPU
		{BC1A757D-8BEB-4D46-8E02-4792BEC3EC82}.Debug|x86.Deploy.0 = Debug|Any CPU
		{BC1A757D-8BEB-4D46-8E02-4792BEC3EC82}.Release|Any CPU.ActiveCfg = Release|Any CPU
		{BC1A757D-8BEB-4D46-8E02-4792BEC3EC82}.Release|Any CPU.Build.0 = Release|Any CPU
		{BC1A757D-8BEB-4D46-8E02-4792BEC3EC82}.Release|Any CPU.Deploy.0 = Release|Any CPU
		{BC1A757D-8BEB-4D46-8E02-4792BEC3EC82}.Release|ARM.ActiveCfg = Release|Any CPU
		{BC1A757D-8BEB-4D46-8E02-4792BEC3EC82}.Release|ARM.Build.0 = Release|Any CPU
		{BC1A757D-8BEB-4D46-8E02-4792BEC3EC82}.Release|ARM.Deploy.0 = Release|Any CPU
		{BC1A757D-8BEB-4D46-8E02-4792BEC3EC82}.Release|iPhone.ActiveCfg = Release|Any CPU
		{BC1A757D-8BEB-4D46-8E02-4792BEC3EC82}.Release|iPhone.Build.0 = Release|Any CPU
		{BC1A757D-8BEB-4D46-8E02-4792BEC3EC82}.Release|iPhone.Deploy.0 = Release|Any CPU
		{BC1A757D-8BEB-4D46-8E02-4792BEC3EC82}.Release|iPhoneSimulator.ActiveCfg = Release|Any CPU
		{BC1A757D-8BEB-4D46-8E02-4792BEC3EC82}.Release|iPhoneSimulator.Build.0 = Release|Any CPU
		{BC1A757D-8BEB-4D46-8E02-4792BEC3EC82}.Release|iPhoneSimulator.Deploy.0 = Release|Any CPU
		{BC1A757D-8BEB-4D46-8E02-4792BEC3EC82}.Release|x64.ActiveCfg = Release|Any CPU
		{BC1A757D-8BEB-4D46-8E02-4792BEC3EC82}.Release|x64.Build.0 = Release|Any CPU
		{BC1A757D-8BEB-4D46-8E02-4792BEC3EC82}.Release|x64.Deploy.0 = Release|Any CPU
		{BC1A757D-8BEB-4D46-8E02-4792BEC3EC82}.Release|x86.ActiveCfg = Release|Any CPU
		{BC1A757D-8BEB-4D46-8E02-4792BEC3EC82}.Release|x86.Build.0 = Release|Any CPU
		{BC1A757D-8BEB-4D46-8E02-4792BEC3EC82}.Release|x86.Deploy.0 = Release|Any CPU
	EndGlobalSection
	GlobalSection(SolutionProperties) = preSolution
		HideSolutionNode = FALSE
	EndGlobalSection
	GlobalSection(ExtensibilityGlobals) = postSolution
		SolutionGuid = {1C295D42-7D7A-45AA-B31F-084AA6F109E0}
	EndGlobalSection
EndGlobal
